
Microsoft Visual Studio Solution File, Format Version 12.00
# Visual Studio 15
VisualStudioVersion = 15.0.28010.2041
MinimumVisualStudioVersion = 10.0.40219.1
Project("{FAE04EC0-301F-11D3-BF4B-00C04F79EFBC}") = "scrapenmirror", "scrapenmirror\scrapenmirror.csproj", "{96D4E3F7-5A02-431D-966B-FE4DB6FF9194}"
EndProject
Global
	GlobalSection(SolutionConfigurationPlatforms) = preSolution
		Debug|Any CPU = Debug|Any CPU
		Release|Any CPU = Release|Any CPU
	EndGlobalSection
	GlobalSection(ProjectConfigurationPlatforms) = postSolution
		{96D4E3F7-5A02-431D-966B-FE4DB6FF9194}.Debug|Any CPU.ActiveCfg = Debug|Any CPU
		{96D4E3F7-5A02-431D-966B-FE4DB6FF9194}.Debug|Any CPU.Build.0 = Debug|Any CPU
		{96D4E3F7-5A02-431D-966B-FE4DB6FF9194}.Release|Any CPU.ActiveCfg = Release|Any CPU
		{96D4E3F7-5A02-431D-966B-FE4DB6FF9194}.Release|Any CPU.Build.0 = Release|Any CPU
	EndGlobalSection
	GlobalSection(SolutionProperties) = preSolution
		HideSolutionNode = FALSE
	EndGlobalSection
	GlobalSection(ExtensibilityGlobals) = postSolution
		SolutionGuid = {F9778284-7C3C-4EE1-B359-52332F12E492}
	EndGlobalSection
EndGlobal
